
Microsoft Visual Studio Solution File, Format Version 10.00
# Visual Studio 2008
Project("{8BC9CEB8-8B4A-11D0-8D11-00A0C91BC942}") = "Orion", "Orion.vcproj", "{8267A0B9-6BDE-4367-B57D-CC82DED5105A}"
EndProject
Global
	GlobalSection(SolutionConfigurationPlatforms) = preSolution
		Debug|Win32 = Debug|Win32
		Release|Win32 = Release|Win32
	EndGlobalSection
	GlobalSection(ProjectConfigurationPlatforms) = postSolution
		{8267A0B9-6BDE-4367-B57D-CC82DED5105A}.Debug|Win32.ActiveCfg = Debug|Win32
		{8267A0B9-6BDE-4367-B57D-CC82DED5105A}.Debug|Win32.Build.0 = Debug|Win32
		{8267A0B9-6BDE-4367-B57D-CC82DED5105A}.Release|Win32.ActiveCfg = Release|Win32
		{8267A0B9-6BDE-4367-B57D-CC82DED5105A}.Release|Win32.Build.0 = Release|Win32
	EndGlobalSection
	GlobalSection(SolutionProperties) = preSolution
		HideSolutionNode = FALSE
	EndGlobalSection
EndGlobal
